
Microsoft Visual Studio Solution File, Format Version 12.00
# Visual Studio Version 16
VisualStudioVersion = 16.0.31129.286
MinimumVisualStudioVersion = 10.0.40219.1
Project("{FAE04EC0-301F-11D3-BF4B-00C04F79EFBC}") = "CSharp Conditional Statements", "CSharp Conditional Statements\CSharp Conditional Statements.csproj", "{3FE566AE-FE72-43A2-9940-F460CD5E4EDB}"
EndProject
Global
	GlobalSection(SolutionConfigurationPlatforms) = preSolution
		Debug|Any CPU = Debug|Any CPU
		Release|Any CPU = Release|Any CPU
	EndGlobalSection
	GlobalSection(ProjectConfigurationPlatforms) = postSolution
		{3FE566AE-FE72-43A2-9940-F460CD5E4EDB}.Debug|Any CPU.ActiveCfg = Debug|Any CPU
		{3FE566AE-FE72-43A2-9940-F460CD5E4EDB}.Debug|Any CPU.Build.0 = Debug|Any CPU
		{3FE566AE-FE72-43A2-9940-F460CD5E4EDB}.Release|Any CPU.ActiveCfg = Release|Any CPU
		{3FE566AE-FE72-43A2-9940-F460CD5E4EDB}.Release|Any CPU.Build.0 = Release|Any CPU
	EndGlobalSection
	GlobalSection(SolutionProperties) = preSolution
		HideSolutionNode = FALSE
	EndGlobalSection
	GlobalSection(ExtensibilityGlobals) = postSolution
		SolutionGuid = {2408B283-BE69-435B-8569-36CAFF5AD2E3}
	EndGlobalSection
EndGlobal
